PODS:
  - ArcGIS-Runtime-SDK-iOS (100.7)
  - FloatingPanel (1.7.2)
  - JJLISO8601DateFormatter (0.1.2)
  - MHWebViewController (1.1.1)
  - Neon (0.4.0)
  - R.swift (5.1.0):
    - R.swift.Library (~> 5.1.0)
  - R.swift.Library (5.1.0)
  - SwifterSwift (5.1.0):
    - SwifterSwift/AppKit (= 5.1.0)
    - SwifterSwift/CoreGraphics (= 5.1.0)
    - SwifterSwift/CoreLocation (= 5.1.0)
    - SwifterSwift/Dispatch (= 5.1.0)
    - SwifterSwift/Foundation (= 5.1.0)
    - SwifterSwift/MapKit (= 5.1.0)
    - SwifterSwift/SceneKit (= 5.1.0)
    - SwifterSwift/SpriteKit (= 5.1.0)
    - SwifterSwift/SwiftStdlib (= 5.1.0)
    - SwifterSwift/UIKit (= 5.1.0)
  - SwifterSwift/AppKit (5.1.0)
  - SwifterSwift/CoreGraphics (5.1.0)
  - SwifterSwift/CoreLocation (5.1.0)
  - SwifterSwift/Dispatch (5.1.0)
  - SwifterSwift/Foundation (5.1.0)
  - SwifterSwift/MapKit (5.1.0)
  - SwifterSwift/SceneKit (5.1.0)
  - SwifterSwift/SpriteKit (5.1.0)
  - SwifterSwift/SwiftStdlib (5.1.0)
  - SwifterSwift/UIKit (5.1.0)
  - ZippyJSON (1.1.0):
    - JJLISO8601DateFormatter (~> 0.1.2)
    - ZippyJSONCFamily (~> 1.1.0)
  - ZippyJSONCFamily (1.1.0)

DEPENDENCIES:
  - ArcGIS-Runtime-SDK-iOS (= 100.7)
  - FloatingPanel
  - MHWebViewController (~> 1.0)
  - Neon
  - R.swift
  - SwifterSwift
  - ZippyJSON

SPEC REPOS:
  trunk:
    - ArcGIS-Runtime-SDK-iOS
    - FloatingPanel
    - JJLISO8601DateFormatter
    - MHWebViewController
    - Neon
    - R.swift
    - R.swift.Library
    - SwifterSwift
    - ZippyJSON
    - ZippyJSONCFamily

SPEC CHECKSUMS:
  ArcGIS-Runtime-SDK-iOS: 9a7e227d6779eaa16119b170b4e7861b02f5d83a
  FloatingPanel: b275a35d0a09be4bd37025e710a6a1d063bfc161
  JJLISO8601DateFormatter: 06a216365f6c8b0ec33a6ce3750d496f048efb32
  MHWebViewController: 6269a80674e88744f345a0e96925e3dbf565acd6
  Neon: 7fb5a9327e7e57911843f608e08f4893a74deaf9
  R.swift: 8cbc4fc69b740305b6a17c8a8ed968eb788962d9
  R.swift.Library: fa85ce1e0d0b7e818cd9e080df910ba54d2776cc
  SwifterSwift: a9e8e144832638c2850b43da5feaf9598c6ad65b
  ZippyJSON: 71604a203bd4a7e68a5922cea5be994f94eb3593
  ZippyJSONCFamily: 32ba9218e783a6a9d1199053df77d148b9bbd04e

PODFILE CHECKSUM: eb2d16f368a8a9f4e5cc91c4439adecf66f27ded

COCOAPODS: 1.8.4
