PODS:
  - ArcGIS-Runtime-SDK-iOS (100.7)
  - MHWebViewController (1.1.1)
  - R.swift (5.1.0):
    - R.swift.Library (~> 5.1.0)
  - R.swift.Library (5.1.0)

DEPENDENCIES:
  - ArcGIS-Runtime-SDK-iOS (= 100.7)
  - MHWebViewController (~> 1.0)
  - R.swift

SPEC REPOS:
  trunk:
    - ArcGIS-Runtime-SDK-iOS
    - MHWebViewController
    - R.swift
    - R.swift.Library

SPEC CHECKSUMS:
  ArcGIS-Runtime-SDK-iOS: 9a7e227d6779eaa16119b170b4e7861b02f5d83a
  MHWebViewController: 6269a80674e88744f345a0e96925e3dbf565acd6
  R.swift: 8cbc4fc69b740305b6a17c8a8ed968eb788962d9
  R.swift.Library: fa85ce1e0d0b7e818cd9e080df910ba54d2776cc

PODFILE CHECKSUM: 23f3fa91c31266acb2d00c1a83c49717e51b18a3

COCOAPODS: 1.8.4
