// !$*UTF8*$!
{
	archiveVersion = 1;
	classes = {
	};
	objectVersion = 52;
	objects = {

/* Begin PBXBuildFile section */
		1650D216AE2376AE9C99FD76 /* Pods_VirusAlert.framework in Frameworks */ = {isa = PBXBuildFile; fileRef = 339F272FB6821A4C110C948E /* Pods_VirusAlert.framework */; };
		810CE0B724417FCB0020BA59 /* Tips.swift in Sources */ = {isa = PBXBuildFile; fileRef = 810CE0B624417FCB0020BA59 /* Tips.swift */; };
		810CE0B9244180160020BA59 /* News.swift in Sources */ = {isa = PBXBuildFile; fileRef = 810CE0B8244180160020BA59 /* News.swift */; };
		810CE0C52443CF700020BA59 /* Then in Frameworks */ = {isa = PBXBuildFile; productRef = 810CE0C42443CF700020BA59 /* Then */; };
		810CE0C72443D34F0020BA59 /* WSApi.swift in Sources */ = {isa = PBXBuildFile; fileRef = 810CE0C62443D34F0020BA59 /* WSApi.swift */; };
		810CE0CA2443D4300020BA59 /* ws in Frameworks */ = {isa = PBXBuildFile; productRef = 810CE0C92443D4300020BA59 /* ws */; };
		810CE0D22443EBD00020BA59 /* Nuke in Frameworks */ = {isa = PBXBuildFile; productRef = 810CE0D12443EBD00020BA59 /* Nuke */; };
		8134D0B923F8C0F700F0FC66 /* DetailStatsViewController.swift in Sources */ = {isa = PBXBuildFile; fileRef = 8134D0B823F8C0F700F0FC66 /* DetailStatsViewController.swift */; };
		8134D0BB23F8C19C00F0FC66 /* StatsCard.swift in Sources */ = {isa = PBXBuildFile; fileRef = 8134D0BA23F8C19C00F0FC66 /* StatsCard.swift */; };
		8134D0BD23F8D10300F0FC66 /* Extensions.swift in Sources */ = {isa = PBXBuildFile; fileRef = 8134D0BC23F8D10300F0FC66 /* Extensions.swift */; };
		8134D0BF23F8D12700F0FC66 /* VerticalStackview.swift in Sources */ = {isa = PBXBuildFile; fileRef = 8134D0BE23F8D12700F0FC66 /* VerticalStackview.swift */; };
		8134D0C123F8E6E500F0FC66 /* FloatingPanel.swift in Sources */ = {isa = PBXBuildFile; fileRef = 8134D0C023F8E6E500F0FC66 /* FloatingPanel.swift */; };
		8134D0C323FB8D1E00F0FC66 /* MapData.swift in Sources */ = {isa = PBXBuildFile; fileRef = 8134D0C223FB8D1E00F0FC66 /* MapData.swift */; };
		8134D0C623FB8F1600F0FC66 /* Service.swift in Sources */ = {isa = PBXBuildFile; fileRef = 8134D0C523FB8F1600F0FC66 /* Service.swift */; };
		8134D0C823FB9E0500F0FC66 /* Constants.swift in Sources */ = {isa = PBXBuildFile; fileRef = 8134D0C723FB9E0500F0FC66 /* Constants.swift */; };
		818585CF23F14DD4003A5AAD /* AppDelegate.swift in Sources */ = {isa = PBXBuildFile; fileRef = 818585CE23F14DD4003A5AAD /* AppDelegate.swift */; };
		818585D123F14DD4003A5AAD /* SceneDelegate.swift in Sources */ = {isa = PBXBuildFile; fileRef = 818585D023F14DD4003A5AAD /* SceneDelegate.swift */; };
		818585D323F14DD4003A5AAD /* MapViewController.swift in Sources */ = {isa = PBXBuildFile; fileRef = 818585D223F14DD4003A5AAD /* MapViewController.swift */; };
		818585D823F14DD5003A5AAD /* Assets.xcassets in Resources */ = {isa = PBXBuildFile; fileRef = 818585D723F14DD5003A5AAD /* Assets.xcassets */; };
		818585DB23F14DD5003A5AAD /* LaunchScreen.storyboard in Resources */ = {isa = PBXBuildFile; fileRef = 818585D923F14DD5003A5AAD /* LaunchScreen.storyboard */; };
		8191E48D23F1517900BE6C2A /* BaseTabBarController.swift in Sources */ = {isa = PBXBuildFile; fileRef = 8191E48C23F1517900BE6C2A /* BaseTabBarController.swift */; };
		81BA1E54243ADE660029A42E /* Stevia in Frameworks */ = {isa = PBXBuildFile; productRef = 81BA1E53243ADE660029A42E /* Stevia */; };
		81BA1E5A243ADF5F0029A42E /* SwifterSwift in Frameworks */ = {isa = PBXBuildFile; productRef = 81BA1E59243ADF5F0029A42E /* SwifterSwift */; };
		81BA1E5D243ADFB60029A42E /* FloatingPanel in Frameworks */ = {isa = PBXBuildFile; productRef = 81BA1E5C243ADFB60029A42E /* FloatingPanel */; };
		81CD8C5A23F6833300F1DF47 /* AVENGEANCE HEROIC AVENGER BD.ttf in Resources */ = {isa = PBXBuildFile; fileRef = 81CD8C5623F6833300F1DF47 /* AVENGEANCE HEROIC AVENGER BD.ttf */; };
		81CD8C5B23F6833300F1DF47 /* AVENGEANCE HEROIC AVENGER BI.ttf in Resources */ = {isa = PBXBuildFile; fileRef = 81CD8C5723F6833300F1DF47 /* AVENGEANCE HEROIC AVENGER BI.ttf */; };
		81CD8C5C23F6833300F1DF47 /* AVENGEANCE HEROIC AVENGER AT.ttf in Resources */ = {isa = PBXBuildFile; fileRef = 81CD8C5823F6833300F1DF47 /* AVENGEANCE HEROIC AVENGER AT.ttf */; };
		81CD8C5D23F6833300F1DF47 /* AVENGEANCE HEROIC AVENGER.ttf in Resources */ = {isa = PBXBuildFile; fileRef = 81CD8C5923F6833300F1DF47 /* AVENGEANCE HEROIC AVENGER.ttf */; };
		81CD8C6423F688FB00F1DF47 /* R.generated.swift in Sources */ = {isa = PBXBuildFile; fileRef = 81CD8C6323F688FB00F1DF47 /* R.generated.swift */; };
		81CD8C6A23F6905F00F1DF47 /* Lato-Black.ttf in Resources */ = {isa = PBXBuildFile; fileRef = 81CD8C6523F6905F00F1DF47 /* Lato-Black.ttf */; };
		81CD8C6B23F6905F00F1DF47 /* Lato-Italic.ttf in Resources */ = {isa = PBXBuildFile; fileRef = 81CD8C6623F6905F00F1DF47 /* Lato-Italic.ttf */; };
		81CD8C6C23F6905F00F1DF47 /* Lato-Regular.ttf in Resources */ = {isa = PBXBuildFile; fileRef = 81CD8C6723F6905F00F1DF47 /* Lato-Regular.ttf */; };
		81CD8C6D23F6905F00F1DF47 /* Lato-BoldItalic.ttf in Resources */ = {isa = PBXBuildFile; fileRef = 81CD8C6823F6905F00F1DF47 /* Lato-BoldItalic.ttf */; };
		81CD8C6E23F6905F00F1DF47 /* Lato-Bold.ttf in Resources */ = {isa = PBXBuildFile; fileRef = 81CD8C6923F6905F00F1DF47 /* Lato-Bold.ttf */; };
/* End PBXBuildFile section */

/* Begin PBXFileReference section */
		339F272FB6821A4C110C948E /* Pods_VirusAlert.framework */ = {isa = PBXFileReference; explicitFileType = wrapper.framework; includeInIndex = 0; path = Pods_VirusAlert.framework; sourceTree = BUILT_PRODUCTS_DIR; };
		810CE0B624417FCB0020BA59 /* Tips.swift */ = {isa = PBXFileReference; lastKnownFileType = sourcecode.swift; path = Tips.swift; sourceTree = "<group>"; };
		810CE0B8244180160020BA59 /* News.swift */ = {isa = PBXFileReference; lastKnownFileType = sourcecode.swift; path = News.swift; sourceTree = "<group>"; };
		810CE0C62443D34F0020BA59 /* WSApi.swift */ = {isa = PBXFileReference; lastKnownFileType = sourcecode.swift; path = WSApi.swift; sourceTree = "<group>"; };
		8134D0B823F8C0F700F0FC66 /* DetailStatsViewController.swift */ = {isa = PBXFileReference; lastKnownFileType = sourcecode.swift; path = DetailStatsViewController.swift; sourceTree = "<group>"; };
		8134D0BA23F8C19C00F0FC66 /* StatsCard.swift */ = {isa = PBXFileReference; lastKnownFileType = sourcecode.swift; path = StatsCard.swift; sourceTree = "<group>"; };
		8134D0BC23F8D10300F0FC66 /* Extensions.swift */ = {isa = PBXFileReference; lastKnownFileType = sourcecode.swift; path = Extensions.swift; sourceTree = "<group>"; };
		8134D0BE23F8D12700F0FC66 /* VerticalStackview.swift */ = {isa = PBXFileReference; lastKnownFileType = sourcecode.swift; path = VerticalStackview.swift; sourceTree = "<group>"; };
		8134D0C023F8E6E500F0FC66 /* FloatingPanel.swift */ = {isa = PBXFileReference; lastKnownFileType = sourcecode.swift; path = FloatingPanel.swift; sourceTree = "<group>"; };
		8134D0C223FB8D1E00F0FC66 /* MapData.swift */ = {isa = PBXFileReference; lastKnownFileType = sourcecode.swift; path = MapData.swift; sourceTree = "<group>"; };
		8134D0C523FB8F1600F0FC66 /* Service.swift */ = {isa = PBXFileReference; lastKnownFileType = sourcecode.swift; path = Service.swift; sourceTree = "<group>"; };
		8134D0C723FB9E0500F0FC66 /* Constants.swift */ = {isa = PBXFileReference; lastKnownFileType = sourcecode.swift; path = Constants.swift; sourceTree = "<group>"; };
		818585CB23F14DD4003A5AAD /* Virus Alert.app */ = {isa = PBXFileReference; explicitFileType = wrapper.application; includeInIndex = 0; path = "Virus Alert.app"; sourceTree = BUILT_PRODUCTS_DIR; };
		818585CE23F14DD4003A5AAD /* AppDelegate.swift */ = {isa = PBXFileReference; lastKnownFileType = sourcecode.swift; path = AppDelegate.swift; sourceTree = "<group>"; };
		818585D023F14DD4003A5AAD /* SceneDelegate.swift */ = {isa = PBXFileReference; lastKnownFileType = sourcecode.swift; path = SceneDelegate.swift; sourceTree = "<group>"; };
		818585D223F14DD4003A5AAD /* MapViewController.swift */ = {isa = PBXFileReference; lastKnownFileType = sourcecode.swift; path = MapViewController.swift; sourceTree = "<group>"; };
		818585D723F14DD5003A5AAD /* Assets.xcassets */ = {isa = PBXFileReference; lastKnownFileType = folder.assetcatalog; path = Assets.xcassets; sourceTree = "<group>"; };
		818585DA23F14DD5003A5AAD /* Base */ = {isa = PBXFileReference; lastKnownFileType = file.storyboard; name = Base; path = Base.lproj/LaunchScreen.storyboard; sourceTree = "<group>"; };
		818585DC23F14DD5003A5AAD /* Info.plist */ = {isa = PBXFileReference; lastKnownFileType = text.plist.xml; path = Info.plist; sourceTree = "<group>"; };
		8191E48C23F1517900BE6C2A /* BaseTabBarController.swift */ = {isa = PBXFileReference; lastKnownFileType = sourcecode.swift; path = BaseTabBarController.swift; sourceTree = "<group>"; };
		81CD8C5623F6833300F1DF47 /* AVENGEANCE HEROIC AVENGER BD.ttf */ = {isa = PBXFileReference; lastKnownFileType = file; path = "AVENGEANCE HEROIC AVENGER BD.ttf"; sourceTree = "<group>"; };
		81CD8C5723F6833300F1DF47 /* AVENGEANCE HEROIC AVENGER BI.ttf */ = {isa = PBXFileReference; lastKnownFileType = file; path = "AVENGEANCE HEROIC AVENGER BI.ttf"; sourceTree = "<group>"; };
		81CD8C5823F6833300F1DF47 /* AVENGEANCE HEROIC AVENGER AT.ttf */ = {isa = PBXFileReference; lastKnownFileType = file; path = "AVENGEANCE HEROIC AVENGER AT.ttf"; sourceTree = "<group>"; };
		81CD8C5923F6833300F1DF47 /* AVENGEANCE HEROIC AVENGER.ttf */ = {isa = PBXFileReference; lastKnownFileType = file; path = "AVENGEANCE HEROIC AVENGER.ttf"; sourceTree = "<group>"; };
		81CD8C6323F688FB00F1DF47 /* R.generated.swift */ = {isa = PBXFileReference; fileEncoding = 4; lastKnownFileType = sourcecode.swift; path = R.generated.swift; sourceTree = SOURCE_ROOT; };
		81CD8C6523F6905F00F1DF47 /* Lato-Black.ttf */ = {isa = PBXFileReference; lastKnownFileType = file; path = "Lato-Black.ttf"; sourceTree = "<group>"; };
		81CD8C6623F6905F00F1DF47 /* Lato-Italic.ttf */ = {isa = PBXFileReference; lastKnownFileType = file; path = "Lato-Italic.ttf"; sourceTree = "<group>"; };
		81CD8C6723F6905F00F1DF47 /* Lato-Regular.ttf */ = {isa = PBXFileReference; lastKnownFileType = file; path = "Lato-Regular.ttf"; sourceTree = "<group>"; };
		81CD8C6823F6905F00F1DF47 /* Lato-BoldItalic.ttf */ = {isa = PBXFileReference; lastKnownFileType = file; path = "Lato-BoldItalic.ttf"; sourceTree = "<group>"; };
		81CD8C6923F6905F00F1DF47 /* Lato-Bold.ttf */ = {isa = PBXFileReference; lastKnownFileType = file; path = "Lato-Bold.ttf"; sourceTree = "<group>"; };
		8A9B9B3CC3261FEE53E9F451 /* Pods-VirusAlert.debug.xcconfig */ = {isa = PBXFileReference; includeInIndex = 1; lastKnownFileType = text.xcconfig; name = "Pods-VirusAlert.debug.xcconfig"; path = "Target Support Files/Pods-VirusAlert/Pods-VirusAlert.debug.xcconfig"; sourceTree = "<group>"; };
		AE50328A59F14C95F5B0B10A /* Pods-VirusAlert.release.xcconfig */ = {isa = PBXFileReference; includeInIndex = 1; lastKnownFileType = text.xcconfig; name = "Pods-VirusAlert.release.xcconfig"; path = "Target Support Files/Pods-VirusAlert/Pods-VirusAlert.release.xcconfig"; sourceTree = "<group>"; };
/* End PBXFileReference section */

/* Begin PBXFrameworksBuildPhase section */
		818585C823F14DD4003A5AAD /* Frameworks */ = {
			isa = PBXFrameworksBuildPhase;
			buildActionMask = 2147483647;
			files = (
				810CE0C52443CF700020BA59 /* Then in Frameworks */,
				81BA1E5D243ADFB60029A42E /* FloatingPanel in Frameworks */,
				810CE0D22443EBD00020BA59 /* Nuke in Frameworks */,
				81BA1E5A243ADF5F0029A42E /* SwifterSwift in Frameworks */,
				81BA1E54243ADE660029A42E /* Stevia in Frameworks */,
				1650D216AE2376AE9C99FD76 /* Pods_VirusAlert.framework in Frameworks */,
				810CE0CA2443D4300020BA59 /* ws in Frameworks */,
			);
			runOnlyForDeploymentPostprocessing = 0;
		};
/* End PBXFrameworksBuildPhase section */

/* Begin PBXGroup section */
		06611363D44181356584203B /* Pods */ = {
			isa = PBXGroup;
			children = (
				8A9B9B3CC3261FEE53E9F451 /* Pods-VirusAlert.debug.xcconfig */,
				AE50328A59F14C95F5B0B10A /* Pods-VirusAlert.release.xcconfig */,
			);
			path = Pods;
			sourceTree = "<group>";
		};
		8134D0C423FB8EEA00F0FC66 /* Network */ = {
			isa = PBXGroup;
			children = (
				8134D0C523FB8F1600F0FC66 /* Service.swift */,
				810CE0C62443D34F0020BA59 /* WSApi.swift */,
			);
			path = Network;
			sourceTree = "<group>";
		};
		818585C223F14DD4003A5AAD = {
			isa = PBXGroup;
			children = (
				818585CD23F14DD4003A5AAD /* VirusAlert */,
				818585CC23F14DD4003A5AAD /* Products */,
				06611363D44181356584203B /* Pods */,
				9EB88D57AE1378AD676AE14E /* Frameworks */,
			);
			sourceTree = "<group>";
		};
		818585CC23F14DD4003A5AAD /* Products */ = {
			isa = PBXGroup;
			children = (
				818585CB23F14DD4003A5AAD /* Virus Alert.app */,
			);
			name = Products;
			sourceTree = "<group>";
		};
		818585CD23F14DD4003A5AAD /* VirusAlert */ = {
			isa = PBXGroup;
			children = (
				818585CE23F14DD4003A5AAD /* AppDelegate.swift */,
				818585D023F14DD4003A5AAD /* SceneDelegate.swift */,
				8191E48923F1504200BE6C2A /* Model */,
				8191E48823F1503E00BE6C2A /* View */,
				8191E48723F1503800BE6C2A /* Controller */,
				8134D0C423FB8EEA00F0FC66 /* Network */,
				8191E48A23F1504A00BE6C2A /* Helpers */,
				8191E48B23F1505B00BE6C2A /* Resources */,
			);
			path = VirusAlert;
			sourceTree = "<group>";
		};
		8191E48723F1503800BE6C2A /* Controller */ = {
			isa = PBXGroup;
			children = (
				8191E48C23F1517900BE6C2A /* BaseTabBarController.swift */,
				818585D223F14DD4003A5AAD /* MapViewController.swift */,
				8134D0B823F8C0F700F0FC66 /* DetailStatsViewController.swift */,
			);
			path = Controller;
			sourceTree = "<group>";
		};
		8191E48823F1503E00BE6C2A /* View */ = {
			isa = PBXGroup;
			children = (
				8134D0BA23F8C19C00F0FC66 /* StatsCard.swift */,
			);
			path = View;
			sourceTree = "<group>";
		};
		8191E48923F1504200BE6C2A /* Model */ = {
			isa = PBXGroup;
			children = (
				8134D0C223FB8D1E00F0FC66 /* MapData.swift */,
				810CE0B624417FCB0020BA59 /* Tips.swift */,
				810CE0B8244180160020BA59 /* News.swift */,
			);
			path = Model;
			sourceTree = "<group>";
		};
		8191E48A23F1504A00BE6C2A /* Helpers */ = {
			isa = PBXGroup;
			children = (
				8134D0BC23F8D10300F0FC66 /* Extensions.swift */,
				8134D0BE23F8D12700F0FC66 /* VerticalStackview.swift */,
				8134D0C023F8E6E500F0FC66 /* FloatingPanel.swift */,
				8134D0C723FB9E0500F0FC66 /* Constants.swift */,
			);
			path = Helpers;
			sourceTree = "<group>";
		};
		8191E48B23F1505B00BE6C2A /* Resources */ = {
			isa = PBXGroup;
			children = (
				81CD8C5523F6822B00F1DF47 /* Fonts */,
				818585D723F14DD5003A5AAD /* Assets.xcassets */,
				818585D923F14DD5003A5AAD /* LaunchScreen.storyboard */,
				818585DC23F14DD5003A5AAD /* Info.plist */,
				81CD8C6323F688FB00F1DF47 /* R.generated.swift */,
			);
			path = Resources;
			sourceTree = "<group>";
		};
		81CD8C5523F6822B00F1DF47 /* Fonts */ = {
			isa = PBXGroup;
			children = (
				81CD8C5823F6833300F1DF47 /* AVENGEANCE HEROIC AVENGER AT.ttf */,
				81CD8C5623F6833300F1DF47 /* AVENGEANCE HEROIC AVENGER BD.ttf */,
				81CD8C5723F6833300F1DF47 /* AVENGEANCE HEROIC AVENGER BI.ttf */,
				81CD8C5923F6833300F1DF47 /* AVENGEANCE HEROIC AVENGER.ttf */,
				81CD8C6523F6905F00F1DF47 /* Lato-Black.ttf */,
				81CD8C6923F6905F00F1DF47 /* Lato-Bold.ttf */,
				81CD8C6823F6905F00F1DF47 /* Lato-BoldItalic.ttf */,
				81CD8C6623F6905F00F1DF47 /* Lato-Italic.ttf */,
				81CD8C6723F6905F00F1DF47 /* Lato-Regular.ttf */,
			);
			path = Fonts;
			sourceTree = "<group>";
		};
		9EB88D57AE1378AD676AE14E /* Frameworks */ = {
			isa = PBXGroup;
			children = (
				339F272FB6821A4C110C948E /* Pods_VirusAlert.framework */,
			);
			name = Frameworks;
			sourceTree = "<group>";
		};
/* End PBXGroup section */

/* Begin PBXNativeTarget section */
		818585CA23F14DD4003A5AAD /* VirusAlert */ = {
			isa = PBXNativeTarget;
			buildConfigurationList = 818585DF23F14DD5003A5AAD /* Build configuration list for PBXNativeTarget "VirusAlert" */;
			buildPhases = (
				161428D2B68F254320E5F4F0 /* [CP] Check Pods Manifest.lock */,
				81CD8C6223F6885F00F1DF47 /* ShellScript */,
				818585C723F14DD4003A5AAD /* Sources */,
				818585C823F14DD4003A5AAD /* Frameworks */,
				818585C923F14DD4003A5AAD /* Resources */,
				22AFB2FB4FCA6B7605DE0931 /* [CP] Embed Pods Frameworks */,
			);
			buildRules = (
			);
			dependencies = (
			);
			name = VirusAlert;
			packageProductDependencies = (
				81BA1E53243ADE660029A42E /* Stevia */,
				81BA1E59243ADF5F0029A42E /* SwifterSwift */,
				81BA1E5C243ADFB60029A42E /* FloatingPanel */,
				810CE0C42443CF700020BA59 /* Then */,
				810CE0C92443D4300020BA59 /* ws */,
				810CE0D12443EBD00020BA59 /* Nuke */,
			);
			productName = VirusAlert;
			productReference = 818585CB23F14DD4003A5AAD /* Virus Alert.app */;
			productType = "com.apple.product-type.application";
		};
/* End PBXNativeTarget section */

/* Begin PBXProject section */
		818585C323F14DD4003A5AAD /* Project object */ = {
			isa = PBXProject;
			attributes = {
				LastSwiftUpdateCheck = 1120;
				LastUpgradeCheck = 1120;
				ORGANIZATIONNAME = "Turnt Labs";
				TargetAttributes = {
					818585CA23F14DD4003A5AAD = {
						CreatedOnToolsVersion = 11.2.1;
					};
				};
			};
			buildConfigurationList = 818585C623F14DD4003A5AAD /* Build configuration list for PBXProject "VirusAlert" */;
			compatibilityVersion = "Xcode 9.3";
			developmentRegion = en;
			hasScannedForEncodings = 0;
			knownRegions = (
				en,
				Base,
			);
			mainGroup = 818585C223F14DD4003A5AAD;
			packageReferences = (
				81BA1E52243ADE660029A42E /* XCRemoteSwiftPackageReference "Stevia" */,
				81BA1E58243ADF5F0029A42E /* XCRemoteSwiftPackageReference "SwifterSwift" */,
				81BA1E5B243ADFB60029A42E /* XCRemoteSwiftPackageReference "FloatingPanel" */,
				810CE0C32443CF700020BA59 /* XCRemoteSwiftPackageReference "Then" */,
				810CE0C82443D4300020BA59 /* XCRemoteSwiftPackageReference "ws" */,
				810CE0D02443EBD00020BA59 /* XCRemoteSwiftPackageReference "Nuke" */,
			);
			productRefGroup = 818585CC23F14DD4003A5AAD /* Products */;
			projectDirPath = "";
			projectRoot = "";
			targets = (
				818585CA23F14DD4003A5AAD /* VirusAlert */,
			);
		};
/* End PBXProject section */

/* Begin PBXResourcesBuildPhase section */
		818585C923F14DD4003A5AAD /* Resources */ = {
			isa = PBXResourcesBuildPhase;
			buildActionMask = 2147483647;
			files = (
				81CD8C5B23F6833300F1DF47 /* AVENGEANCE HEROIC AVENGER BI.ttf in Resources */,
				818585DB23F14DD5003A5AAD /* LaunchScreen.storyboard in Resources */,
				818585D823F14DD5003A5AAD /* Assets.xcassets in Resources */,
				81CD8C5A23F6833300F1DF47 /* AVENGEANCE HEROIC AVENGER BD.ttf in Resources */,
				81CD8C6D23F6905F00F1DF47 /* Lato-BoldItalic.ttf in Resources */,
				81CD8C6A23F6905F00F1DF47 /* Lato-Black.ttf in Resources */,
				81CD8C5C23F6833300F1DF47 /* AVENGEANCE HEROIC AVENGER AT.ttf in Resources */,
				81CD8C6E23F6905F00F1DF47 /* Lato-Bold.ttf in Resources */,
				81CD8C6C23F6905F00F1DF47 /* Lato-Regular.ttf in Resources */,
				81CD8C6B23F6905F00F1DF47 /* Lato-Italic.ttf in Resources */,
				81CD8C5D23F6833300F1DF47 /* AVENGEANCE HEROIC AVENGER.ttf in Resources */,
			);
			runOnlyForDeploymentPostprocessing = 0;
		};
/* End PBXResourcesBuildPhase section */

/* Begin PBXShellScriptBuildPhase section */
		161428D2B68F254320E5F4F0 /* [CP] Check Pods Manifest.lock */ = {
			isa = PBXShellScriptBuildPhase;
			buildActionMask = 2147483647;
			files = (
			);
			inputFileListPaths = (
			);
			inputPaths = (
				"${PODS_PODFILE_DIR_PATH}/Podfile.lock",
				"${PODS_ROOT}/Manifest.lock",
			);
			name = "[CP] Check Pods Manifest.lock";
			outputFileListPaths = (
			);
			outputPaths = (
				"$(DERIVED_FILE_DIR)/Pods-VirusAlert-checkManifestLockResult.txt",
			);
			runOnlyForDeploymentPostprocessing = 0;
			shellPath = /bin/sh;
			shellScript = "diff \"${PODS_PODFILE_DIR_PATH}/Podfile.lock\" \"${PODS_ROOT}/Manifest.lock\" > /dev/null\nif [ $? != 0 ] ; then\n    # print error to STDERR\n    echo \"error: The sandbox is not in sync with the Podfile.lock. Run 'pod install' or update your CocoaPods installation.\" >&2\n    exit 1\nfi\n# This output is used by Xcode 'outputs' to avoid re-running this script phase.\necho \"SUCCESS\" > \"${SCRIPT_OUTPUT_FILE_0}\"\n";
			showEnvVarsInLog = 0;
		};
		22AFB2FB4FCA6B7605DE0931 /* [CP] Embed Pods Frameworks */ = {
			isa = PBXShellScriptBuildPhase;
			buildActionMask = 2147483647;
			files = (
			);
			inputFileListPaths = (
				"${PODS_ROOT}/Target Support Files/Pods-VirusAlert/Pods-VirusAlert-frameworks-${CONFIGURATION}-input-files.xcfilelist",
			);
			name = "[CP] Embed Pods Frameworks";
			outputFileListPaths = (
				"${PODS_ROOT}/Target Support Files/Pods-VirusAlert/Pods-VirusAlert-frameworks-${CONFIGURATION}-output-files.xcfilelist",
			);
			runOnlyForDeploymentPostprocessing = 0;
			shellPath = /bin/sh;
			shellScript = "\"${PODS_ROOT}/Target Support Files/Pods-VirusAlert/Pods-VirusAlert-frameworks.sh\"\n";
			showEnvVarsInLog = 0;
		};
		81CD8C6223F6885F00F1DF47 /* ShellScript */ = {
			isa = PBXShellScriptBuildPhase;
			buildActionMask = 2147483647;
			files = (
			);
			inputFileListPaths = (
			);
			inputPaths = (
				"$TEMP_DIR/rswift-lastrun",
			);
			outputFileListPaths = (
			);
			outputPaths = (
				$SRCROOT/R.generated.swift,
			);
			runOnlyForDeploymentPostprocessing = 0;
			shellPath = /bin/sh;
			shellScript = "# Type a script or drag a script file from your workspace to insert its path.\n\"$PODS_ROOT/R.swift/rswift\" generate \"$SRCROOT/R.generated.swift\"\n";
		};
/* End PBXShellScriptBuildPhase section */

/* Begin PBXSourcesBuildPhase section */
		818585C723F14DD4003A5AAD /* Sources */ = {
			isa = PBXSourcesBuildPhase;
			buildActionMask = 2147483647;
			files = (
				8134D0BF23F8D12700F0FC66 /* VerticalStackview.swift in Sources */,
				8191E48D23F1517900BE6C2A /* BaseTabBarController.swift in Sources */,
				810CE0B9244180160020BA59 /* News.swift in Sources */,
				8134D0B923F8C0F700F0FC66 /* DetailStatsViewController.swift in Sources */,
				818585D323F14DD4003A5AAD /* MapViewController.swift in Sources */,
				8134D0BD23F8D10300F0FC66 /* Extensions.swift in Sources */,
				8134D0C623FB8F1600F0FC66 /* Service.swift in Sources */,
				81CD8C6423F688FB00F1DF47 /* R.generated.swift in Sources */,
				8134D0C823FB9E0500F0FC66 /* Constants.swift in Sources */,
				810CE0C72443D34F0020BA59 /* WSApi.swift in Sources */,
				8134D0C123F8E6E500F0FC66 /* FloatingPanel.swift in Sources */,
				8134D0BB23F8C19C00F0FC66 /* StatsCard.swift in Sources */,
				810CE0B724417FCB0020BA59 /* Tips.swift in Sources */,
				818585CF23F14DD4003A5AAD /* AppDelegate.swift in Sources */,
				8134D0C323FB8D1E00F0FC66 /* MapData.swift in Sources */,
				818585D123F14DD4003A5AAD /* SceneDelegate.swift in Sources */,
			);
			runOnlyForDeploymentPostprocessing = 0;
		};
/* End PBXSourcesBuildPhase section */

/* Begin PBXVariantGroup section */
		818585D923F14DD5003A5AAD /* LaunchScreen.storyboard */ = {
			isa = PBXVariantGroup;
			children = (
				818585DA23F14DD5003A5AAD /* Base */,
			);
			name = LaunchScreen.storyboard;
			sourceTree = "<group>";
		};
/* End PBXVariantGroup section */

/* Begin XCBuildConfiguration section */
		818585DD23F14DD5003A5AAD /* Debug */ = {
			isa = XCBuildConfiguration;
			buildSettings = {
				ALWAYS_SEARCH_USER_PATHS = NO;
				CLANG_ANALYZER_NONNULL = YES;
				CLANG_ANALYZER_NUMBER_OBJECT_CONVERSION = YES_AGGRESSIVE;
				CLANG_CXX_LANGUAGE_STANDARD = "gnu++14";
				CLANG_CXX_LIBRARY = "libc++";
				CLANG_ENABLE_MODULES = YES;
				CLANG_ENABLE_OBJC_ARC = YES;
				CLANG_ENABLE_OBJC_WEAK = YES;
				CLANG_WARN_BLOCK_CAPTURE_AUTORELEASING = YES;
				CLANG_WARN_BOOL_CONVERSION = YES;
				CLANG_WARN_COMMA = YES;
				CLANG_WARN_CONSTANT_CONVERSION = YES;
				CLANG_WARN_DEPRECATED_OBJC_IMPLEMENTATIONS = YES;
				CLANG_WARN_DIRECT_OBJC_ISA_USAGE = YES_ERROR;
				CLANG_WARN_DOCUMENTATION_COMMENTS = YES;
				CLANG_WARN_EMPTY_BODY = YES;
				CLANG_WARN_ENUM_CONVERSION = YES;
				CLANG_WARN_INFINITE_RECURSION = YES;
				CLANG_WARN_INT_CONVERSION = YES;
				CLANG_WARN_NON_LITERAL_NULL_CONVERSION = YES;
				CLANG_WARN_OBJC_IMPLICIT_RETAIN_SELF = YES;
				CLANG_WARN_OBJC_LITERAL_CONVERSION = YES;
				CLANG_WARN_OBJC_ROOT_CLASS = YES_ERROR;
				CLANG_WARN_RANGE_LOOP_ANALYSIS = YES;
				CLANG_WARN_STRICT_PROTOTYPES = YES;
				CLANG_WARN_SUSPICIOUS_MOVE = YES;
				CLANG_WARN_UNGUARDED_AVAILABILITY = YES_AGGRESSIVE;
				CLANG_WARN_UNREACHABLE_CODE = YES;
				CLANG_WARN__DUPLICATE_METHOD_MATCH = YES;
				COPY_PHASE_STRIP = NO;
				DEBUG_INFORMATION_FORMAT = dwarf;
				ENABLE_STRICT_OBJC_MSGSEND = YES;
				ENABLE_TESTABILITY = YES;
				GCC_C_LANGUAGE_STANDARD = gnu11;
				GCC_DYNAMIC_NO_PIC = NO;
				GCC_NO_COMMON_BLOCKS = YES;
				GCC_OPTIMIZATION_LEVEL = 0;
				GCC_PREPROCESSOR_DEFINITIONS = (
					"DEBUG=1",
					"$(inherited)",
				);
				GCC_WARN_64_TO_32_BIT_CONVERSION = YES;
				GCC_WARN_ABOUT_RETURN_TYPE = YES_ERROR;
				GCC_WARN_UNDECLARED_SELECTOR = YES;
				GCC_WARN_UNINITIALIZED_AUTOS = YES_AGGRESSIVE;
				GCC_WARN_UNUSED_FUNCTION = YES;
				GCC_WARN_UNUSED_VARIABLE = YES;
				IPHONEOS_DEPLOYMENT_TARGET = 13.0;
				MTL_ENABLE_DEBUG_INFO = INCLUDE_SOURCE;
				MTL_FAST_MATH = YES;
				ONLY_ACTIVE_ARCH = YES;
				SDKROOT = iphoneos;
				SWIFT_ACTIVE_COMPILATION_CONDITIONS = DEBUG;
				SWIFT_OPTIMIZATION_LEVEL = "-Onone";
			};
			name = Debug;
		};
		818585DE23F14DD5003A5AAD /* Release */ = {
			isa = XCBuildConfiguration;
			buildSettings = {
				ALWAYS_SEARCH_USER_PATHS = NO;
				CLANG_ANALYZER_NONNULL = YES;
				CLANG_ANALYZER_NUMBER_OBJECT_CONVERSION = YES_AGGRESSIVE;
				CLANG_CXX_LANGUAGE_STANDARD = "gnu++14";
				CLANG_CXX_LIBRARY = "libc++";
				CLANG_ENABLE_MODULES = YES;
				CLANG_ENABLE_OBJC_ARC = YES;
				CLANG_ENABLE_OBJC_WEAK = YES;
				CLANG_WARN_BLOCK_CAPTURE_AUTORELEASING = YES;
				CLANG_WARN_BOOL_CONVERSION = YES;
				CLANG_WARN_COMMA = YES;
				CLANG_WARN_CONSTANT_CONVERSION = YES;
				CLANG_WARN_DEPRECATED_OBJC_IMPLEMENTATIONS = YES;
				CLANG_WARN_DIRECT_OBJC_ISA_USAGE = YES_ERROR;
				CLANG_WARN_DOCUMENTATION_COMMENTS = YES;
				CLANG_WARN_EMPTY_BODY = YES;
				CLANG_WARN_ENUM_CONVERSION = YES;
				CLANG_WARN_INFINITE_RECURSION = YES;
				CLANG_WARN_INT_CONVERSION = YES;
				CLANG_WARN_NON_LITERAL_NULL_CONVERSION = YES;
				CLANG_WARN_OBJC_IMPLICIT_RETAIN_SELF = YES;
				CLANG_WARN_OBJC_LITERAL_CONVERSION = YES;
				CLANG_WARN_OBJC_ROOT_CLASS = YES_ERROR;
				CLANG_WARN_RANGE_LOOP_ANALYSIS = YES;
				CLANG_WARN_STRICT_PROTOTYPES = YES;
				CLANG_WARN_SUSPICIOUS_MOVE = YES;
				CLANG_WARN_UNGUARDED_AVAILABILITY = YES_AGGRESSIVE;
				CLANG_WARN_UNREACHABLE_CODE = YES;
				CLANG_WARN__DUPLICATE_METHOD_MATCH = YES;
				COPY_PHASE_STRIP = NO;
				DEBUG_INFORMATION_FORMAT = "dwarf-with-dsym";
				ENABLE_NS_ASSERTIONS = NO;
				ENABLE_STRICT_OBJC_MSGSEND = YES;
				GCC_C_LANGUAGE_STANDARD = gnu11;
				GCC_NO_COMMON_BLOCKS = YES;
				GCC_WARN_64_TO_32_BIT_CONVERSION = YES;
				GCC_WARN_ABOUT_RETURN_TYPE = YES_ERROR;
				GCC_WARN_UNDECLARED_SELECTOR = YES;
				GCC_WARN_UNINITIALIZED_AUTOS = YES_AGGRESSIVE;
				GCC_WARN_UNUSED_FUNCTION = YES;
				GCC_WARN_UNUSED_VARIABLE = YES;
				IPHONEOS_DEPLOYMENT_TARGET = 13.0;
				MTL_ENABLE_DEBUG_INFO = NO;
				MTL_FAST_MATH = YES;
				SDKROOT = iphoneos;
				SWIFT_COMPILATION_MODE = wholemodule;
				SWIFT_OPTIMIZATION_LEVEL = "-O";
				VALIDATE_PRODUCT = YES;
			};
			name = Release;
		};
		818585E023F14DD5003A5AAD /* Debug */ = {
			isa = XCBuildConfiguration;
			baseConfigurationReference = 8A9B9B3CC3261FEE53E9F451 /* Pods-VirusAlert.debug.xcconfig */;
			buildSettings = {
				ASSETCATALOG_COMPILER_APPICON_NAME = AppIcon;
				CODE_SIGN_STYLE = Automatic;
				DEVELOPMENT_TEAM = NELGRQX33K;
				INFOPLIST_FILE = "$(SRCROOT)/VirusAlert/Resources/Info.plist";
				IPHONEOS_DEPLOYMENT_TARGET = 13.0;
				LD_RUNPATH_SEARCH_PATHS = (
					"$(inherited)",
					"@executable_path/Frameworks",
				);
				MARKETING_VERSION = 1.0;
				PRODUCT_BUNDLE_IDENTIFIER = com.turntlabs.VirusAlert;
				PRODUCT_NAME = "Virus Alert";
				SWIFT_VERSION = 5.0;
				TARGETED_DEVICE_FAMILY = 1;
			};
			name = Debug;
		};
		818585E123F14DD5003A5AAD /* Release */ = {
			isa = XCBuildConfiguration;
			baseConfigurationReference = AE50328A59F14C95F5B0B10A /* Pods-VirusAlert.release.xcconfig */;
			buildSettings = {
				ASSETCATALOG_COMPILER_APPICON_NAME = AppIcon;
				CODE_SIGN_STYLE = Automatic;
				DEVELOPMENT_TEAM = NELGRQX33K;
				INFOPLIST_FILE = "$(SRCROOT)/VirusAlert/Resources/Info.plist";
				IPHONEOS_DEPLOYMENT_TARGET = 13.0;
				LD_RUNPATH_SEARCH_PATHS = (
					"$(inherited)",
					"@executable_path/Frameworks",
				);
				MARKETING_VERSION = 1.0;
				PRODUCT_BUNDLE_IDENTIFIER = com.turntlabs.VirusAlert;
				PRODUCT_NAME = "Virus Alert";
				SWIFT_VERSION = 5.0;
				TARGETED_DEVICE_FAMILY = 1;
			};
			name = Release;
		};
/* End XCBuildConfiguration section */

/* Begin XCConfigurationList section */
		818585C623F14DD4003A5AAD /* Build configuration list for PBXProject "VirusAlert" */ = {
			isa = XCConfigurationList;
			buildConfigurations = (
				818585DD23F14DD5003A5AAD /* Debug */,
				818585DE23F14DD5003A5AAD /* Release */,
			);
			defaultConfigurationIsVisible = 0;
			defaultConfigurationName = Release;
		};
		818585DF23F14DD5003A5AAD /* Build configuration list for PBXNativeTarget "VirusAlert" */ = {
			isa = XCConfigurationList;
			buildConfigurations = (
				818585E023F14DD5003A5AAD /* Debug */,
				818585E123F14DD5003A5AAD /* Release */,
			);
			defaultConfigurationIsVisible = 0;
			defaultConfigurationName = Release;
		};
/* End XCConfigurationList section */

/* Begin XCRemoteSwiftPackageReference section */
		810CE0C32443CF700020BA59 /* XCRemoteSwiftPackageReference "Then" */ = {
			isa = XCRemoteSwiftPackageReference;
			repositoryURL = "https://github.com/freshOS/Then";
			requirement = {
				kind = exactVersion;
				version = 5.1.3;
			};
		};
		810CE0C82443D4300020BA59 /* XCRemoteSwiftPackageReference "ws" */ = {
			isa = XCRemoteSwiftPackageReference;
			repositoryURL = "https://github.com/freshOS/ws";
			requirement = {
				kind = upToNextMajorVersion;
				minimumVersion = 5.1.2;
			};
		};
		810CE0D02443EBD00020BA59 /* XCRemoteSwiftPackageReference "Nuke" */ = {
			isa = XCRemoteSwiftPackageReference;
			repositoryURL = "https://github.com/kean/Nuke";
			requirement = {
				kind = upToNextMajorVersion;
				minimumVersion = 8.4.1;
			};
		};
		81BA1E52243ADE660029A42E /* XCRemoteSwiftPackageReference "Stevia" */ = {
			isa = XCRemoteSwiftPackageReference;
			repositoryURL = "https://github.com/freshOS/Stevia";
			requirement = {
				kind = upToNextMajorVersion;
				minimumVersion = 5.0.0;
			};
		};
		81BA1E58243ADF5F0029A42E /* XCRemoteSwiftPackageReference "SwifterSwift" */ = {
			isa = XCRemoteSwiftPackageReference;
			repositoryURL = "https://github.com/SwifterSwift/SwifterSwift.git";
			requirement = {
				kind = upToNextMajorVersion;
				minimumVersion = 5.2.0;
			};
		};
		81BA1E5B243ADFB60029A42E /* XCRemoteSwiftPackageReference "FloatingPanel" */ = {
			isa = XCRemoteSwiftPackageReference;
			repositoryURL = "https://github.com/SCENEE/FloatingPanel";
			requirement = {
				kind = upToNextMajorVersion;
				minimumVersion = 1.7.4;
			};
		};
/* End XCRemoteSwiftPackageReference section */

/* Begin XCSwiftPackageProductDependency section */
		810CE0C42443CF700020BA59 /* Then */ = {
			isa = XCSwiftPackageProductDependency;
			package = 810CE0C32443CF700020BA59 /* XCRemoteSwiftPackageReference "Then" */;
			productName = Then;
		};
		810CE0C92443D4300020BA59 /* ws */ = {
			isa = XCSwiftPackageProductDependency;
			package = 810CE0C82443D4300020BA59 /* XCRemoteSwiftPackageReference "ws" */;
			productName = ws;
		};
		810CE0D12443EBD00020BA59 /* Nuke */ = {
			isa = XCSwiftPackageProductDependency;
			package = 810CE0D02443EBD00020BA59 /* XCRemoteSwiftPackageReference "Nuke" */;
			productName = Nuke;
		};
		81BA1E53243ADE660029A42E /* Stevia */ = {
			isa = XCSwiftPackageProductDependency;
			package = 81BA1E52243ADE660029A42E /* XCRemoteSwiftPackageReference "Stevia" */;
			productName = Stevia;
		};
		81BA1E59243ADF5F0029A42E /* SwifterSwift */ = {
			isa = XCSwiftPackageProductDependency;
			package = 81BA1E58243ADF5F0029A42E /* XCRemoteSwiftPackageReference "SwifterSwift" */;
			productName = SwifterSwift;
		};
		81BA1E5C243ADFB60029A42E /* FloatingPanel */ = {
			isa = XCSwiftPackageProductDependency;
			package = 81BA1E5B243ADFB60029A42E /* XCRemoteSwiftPackageReference "FloatingPanel" */;
			productName = FloatingPanel;
		};
/* End XCSwiftPackageProductDependency section */
	};
	rootObject = 818585C323F14DD4003A5AAD /* Project object */;
}
